
Microsoft Visual Studio Solution File, Format Version 11.00
# Visual Studio 2010
Project("{FAE04EC0-301F-11D3-BF4B-00C04F79EFBC}") = "TextSurfer", "Assembly-CSharp.csproj", "{073F0129-1D71-2A06-BB66-967919C91E9A}"
EndProject
Global
	GlobalSection(SolutionConfigurationPlatforms) = preSolution
		Debug|Any CPU = Debug|Any CPU
		Release|Any CPU = Release|Any CPU
	EndGlobalSection
	GlobalSection(ProjectConfigurationPlatforms) = postSolution
		{073F0129-1D71-2A06-BB66-967919C91E9A}.Debug|Any CPU.ActiveCfg = Debug|Any CPU
		{073F0129-1D71-2A06-BB66-967919C91E9A}.Debug|Any CPU.Build.0 = Debug|Any CPU
		{073F0129-1D71-2A06-BB66-967919C91E9A}.Release|Any CPU.ActiveCfg = Release|Any CPU
		{073F0129-1D71-2A06-BB66-967919C91E9A}.Release|Any CPU.Build.0 = Release|Any CPU
	EndGlobalSection
	GlobalSection(SolutionProperties) = preSolution
		HideSolutionNode = FALSE
	EndGlobalSection
	GlobalSection(MonoDevelopProperties) = preSolution
		StartupItem = Assembly-CSharp.csproj
	EndGlobalSection
EndGlobal
